
Microsoft Visual Studio Solution File, Format Version 12.00
# Visual Studio Version 17
VisualStudioVersion = 17.11.35222.181
MinimumVisualStudioVersion = 10.0.40219.1
Project("{FAE04EC0-301F-11D3-BF4B-00C04F79EFBC}") = "MauiNavigacio", "MauiNavigacio\MauiNavigacio.csproj", "{3279F171-BBE9-4051-B7D0-7989C9892413}"
EndProject
Global
	GlobalSection(SolutionConfigurationPlatforms) = preSolution
		Debug|Any CPU = Debug|Any CPU
		Release|Any CPU = Release|Any CPU
	EndGlobalSection
	GlobalSection(ProjectConfigurationPlatforms) = postSolution
		{3279F171-BBE9-4051-B7D0-7989C9892413}.Debug|Any CPU.ActiveCfg = Debug|Any CPU
		{3279F171-BBE9-4051-B7D0-7989C9892413}.Debug|Any CPU.Build.0 = Debug|Any CPU
		{3279F171-BBE9-4051-B7D0-7989C9892413}.Debug|Any CPU.Deploy.0 = Debug|Any CPU
		{3279F171-BBE9-4051-B7D0-7989C9892413}.Release|Any CPU.ActiveCfg = Release|Any CPU
		{3279F171-BBE9-4051-B7D0-7989C9892413}.Release|Any CPU.Build.0 = Release|Any CPU
		{3279F171-BBE9-4051-B7D0-7989C9892413}.Release|Any CPU.Deploy.0 = Release|Any CPU
	EndGlobalSection
	GlobalSection(SolutionProperties) = preSolution
		HideSolutionNode = FALSE
	EndGlobalSection
	GlobalSection(ExtensibilityGlobals) = postSolution
		SolutionGuid = {C2EEA70B-FA5D-4C87-8704-1A9B9B09485D}
	EndGlobalSection
EndGlobal
