
Microsoft Visual Studio Solution File, Format Version 12.00
# Visual Studio Version 17
VisualStudioVersion = 17.11.35222.181
MinimumVisualStudioVersion = 10.0.40219.1
Project("{FAE04EC0-301F-11D3-BF4B-00C04F79EFBC}") = "WpfKutyakUniqueEF", "WpfKutyakUniqueEF\WpfKutyakUniqueEF.csproj", "{E6FE1208-FE41-46BB-80AD-E3EE98C06C1C}"
EndProject
Global
	GlobalSection(SolutionConfigurationPlatforms) = preSolution
		Debug|Any CPU = Debug|Any CPU
		Release|Any CPU = Release|Any CPU
	EndGlobalSection
	GlobalSection(ProjectConfigurationPlatforms) = postSolution
		{E6FE1208-FE41-46BB-80AD-E3EE98C06C1C}.Debug|Any CPU.ActiveCfg = Debug|Any CPU
		{E6FE1208-FE41-46BB-80AD-E3EE98C06C1C}.Debug|Any CPU.Build.0 = Debug|Any CPU
		{E6FE1208-FE41-46BB-80AD-E3EE98C06C1C}.Release|Any CPU.ActiveCfg = Release|Any CPU
		{E6FE1208-FE41-46BB-80AD-E3EE98C06C1C}.Release|Any CPU.Build.0 = Release|Any CPU
	EndGlobalSection
	GlobalSection(SolutionProperties) = preSolution
		HideSolutionNode = FALSE
	EndGlobalSection
	GlobalSection(ExtensibilityGlobals) = postSolution
		SolutionGuid = {E32E30E6-3760-4B10-A49E-882E17F23D21}
	EndGlobalSection
EndGlobal
