
Microsoft Visual Studio Solution File, Format Version 12.00
# Visual Studio Version 17
VisualStudioVersion = 17.11.35222.181
MinimumVisualStudioVersion = 10.0.40219.1
Project("{FAE04EC0-301F-11D3-BF4B-00C04F79EFBC}") = "WpfHomersekletTest", "WpfHomersekletTest\WpfHomersekletTest.csproj", "{2D2D2E94-89A3-46C2-B6A6-52C7FBEAB1A5}"
EndProject
Project("{FAE04EC0-301F-11D3-BF4B-00C04F79EFBC}") = "HomersekletWPFTest", "HomersekletWPFTest\HomersekletWPFTest.csproj", "{8508AD04-89D7-42D7-9A59-CB7FC7D06135}"
EndProject
Global
	GlobalSection(SolutionConfigurationPlatforms) = preSolution
		Debug|Any CPU = Debug|Any CPU
		Release|Any CPU = Release|Any CPU
	EndGlobalSection
	GlobalSection(ProjectConfigurationPlatforms) = postSolution
		{2D2D2E94-89A3-46C2-B6A6-52C7FBEAB1A5}.Debug|Any CPU.ActiveCfg = Debug|Any CPU
		{2D2D2E94-89A3-46C2-B6A6-52C7FBEAB1A5}.Debug|Any CPU.Build.0 = Debug|Any CPU
		{2D2D2E94-89A3-46C2-B6A6-52C7FBEAB1A5}.Release|Any CPU.ActiveCfg = Release|Any CPU
		{2D2D2E94-89A3-46C2-B6A6-52C7FBEAB1A5}.Release|Any CPU.Build.0 = Release|Any CPU
		{8508AD04-89D7-42D7-9A59-CB7FC7D06135}.Debug|Any CPU.ActiveCfg = Debug|Any CPU
		{8508AD04-89D7-42D7-9A59-CB7FC7D06135}.Debug|Any CPU.Build.0 = Debug|Any CPU
		{8508AD04-89D7-42D7-9A59-CB7FC7D06135}.Release|Any CPU.ActiveCfg = Release|Any CPU
		{8508AD04-89D7-42D7-9A59-CB7FC7D06135}.Release|Any CPU.Build.0 = Release|Any CPU
	EndGlobalSection
	GlobalSection(SolutionProperties) = preSolution
		HideSolutionNode = FALSE
	EndGlobalSection
	GlobalSection(ExtensibilityGlobals) = postSolution
		SolutionGuid = {F3F791F5-9DE0-4BFE-9E74-A25403BC8FE6}
	EndGlobalSection
EndGlobal
