
Microsoft Visual Studio Solution File, Format Version 12.00
# Visual Studio Version 17
VisualStudioVersion = 17.9.34607.119
MinimumVisualStudioVersion = 10.0.40219.1
Project("{FAE04EC0-301F-11D3-BF4B-00C04F79EFBC}") = "Szotar", "Szotar\Szotar.csproj", "{A7C70553-8B47-47D4-9D20-EA6A0FD33EBE}"
EndProject
Global
	GlobalSection(SolutionConfigurationPlatforms) = preSolution
		Debug|Any CPU = Debug|Any CPU
		Release|Any CPU = Release|Any CPU
	EndGlobalSection
	GlobalSection(ProjectConfigurationPlatforms) = postSolution
		{A7C70553-8B47-47D4-9D20-EA6A0FD33EBE}.Debug|Any CPU.ActiveCfg = Debug|Any CPU
		{A7C70553-8B47-47D4-9D20-EA6A0FD33EBE}.Debug|Any CPU.Build.0 = Debug|Any CPU
		{A7C70553-8B47-47D4-9D20-EA6A0FD33EBE}.Release|Any CPU.ActiveCfg = Release|Any CPU
		{A7C70553-8B47-47D4-9D20-EA6A0FD33EBE}.Release|Any CPU.Build.0 = Release|Any CPU
	EndGlobalSection
	GlobalSection(SolutionProperties) = preSolution
		HideSolutionNode = FALSE
	EndGlobalSection
	GlobalSection(ExtensibilityGlobals) = postSolution
		SolutionGuid = {1328737E-62C4-4AAD-9DE4-9755B710F540}
	EndGlobalSection
EndGlobal
