
Microsoft Visual Studio Solution File, Format Version 12.00
# Visual Studio Version 17
VisualStudioVersion = 17.9.34607.119
MinimumVisualStudioVersion = 10.0.40219.1
Project("{FAE04EC0-301F-11D3-BF4B-00C04F79EFBC}") = "Autoadatok", "Autoadatok\Autoadatok.csproj", "{D974B58A-4497-4AD8-95EA-67E7A8716FC3}"
EndProject
Global
	GlobalSection(SolutionConfigurationPlatforms) = preSolution
		Debug|Any CPU = Debug|Any CPU
		Release|Any CPU = Release|Any CPU
	EndGlobalSection
	GlobalSection(ProjectConfigurationPlatforms) = postSolution
		{D974B58A-4497-4AD8-95EA-67E7A8716FC3}.Debug|Any CPU.ActiveCfg = Debug|Any CPU
		{D974B58A-4497-4AD8-95EA-67E7A8716FC3}.Debug|Any CPU.Build.0 = Debug|Any CPU
		{D974B58A-4497-4AD8-95EA-67E7A8716FC3}.Release|Any CPU.ActiveCfg = Release|Any CPU
		{D974B58A-4497-4AD8-95EA-67E7A8716FC3}.Release|Any CPU.Build.0 = Release|Any CPU
	EndGlobalSection
	GlobalSection(SolutionProperties) = preSolution
		HideSolutionNode = FALSE
	EndGlobalSection
	GlobalSection(ExtensibilityGlobals) = postSolution
		SolutionGuid = {B4A40D2B-DEDC-44C7-98A3-2A436CB24A0B}
	EndGlobalSection
EndGlobal
