
Microsoft Visual Studio Solution File, Format Version 12.00
# Visual Studio Version 17
VisualStudioVersion = 17.9.34607.119
MinimumVisualStudioVersion = 10.0.40219.1
Project("{FAE04EC0-301F-11D3-BF4B-00C04F79EFBC}") = "WpfKinekMit", "WpfKinekMit\WpfKinekMit.csproj", "{AE954F7A-C119-40D2-87B5-75C8D8D8F3A3}"
EndProject
Global
	GlobalSection(SolutionConfigurationPlatforms) = preSolution
		Debug|Any CPU = Debug|Any CPU
		Release|Any CPU = Release|Any CPU
	EndGlobalSection
	GlobalSection(ProjectConfigurationPlatforms) = postSolution
		{AE954F7A-C119-40D2-87B5-75C8D8D8F3A3}.Debug|Any CPU.ActiveCfg = Debug|Any CPU
		{AE954F7A-C119-40D2-87B5-75C8D8D8F3A3}.Debug|Any CPU.Build.0 = Debug|Any CPU
		{AE954F7A-C119-40D2-87B5-75C8D8D8F3A3}.Release|Any CPU.ActiveCfg = Release|Any CPU
		{AE954F7A-C119-40D2-87B5-75C8D8D8F3A3}.Release|Any CPU.Build.0 = Release|Any CPU
	EndGlobalSection
	GlobalSection(SolutionProperties) = preSolution
		HideSolutionNode = FALSE
	EndGlobalSection
	GlobalSection(ExtensibilityGlobals) = postSolution
		SolutionGuid = {75C40C51-FF83-451B-BB55-5A68C1FDFB7F}
	EndGlobalSection
EndGlobal
