
Microsoft Visual Studio Solution File, Format Version 12.00
# Visual Studio Version 17
VisualStudioVersion = 17.11.35222.181
MinimumVisualStudioVersion = 10.0.40219.1
Project("{FAE04EC0-301F-11D3-BF4B-00C04F79EFBC}") = "MauiRandom", "MauiRandom\MauiRandom.csproj", "{EF2ED357-812C-40C9-9F7E-F42A9B82948C}"
EndProject
Global
	GlobalSection(SolutionConfigurationPlatforms) = preSolution
		Debug|Any CPU = Debug|Any CPU
		Release|Any CPU = Release|Any CPU
	EndGlobalSection
	GlobalSection(ProjectConfigurationPlatforms) = postSolution
		{EF2ED357-812C-40C9-9F7E-F42A9B82948C}.Debug|Any CPU.ActiveCfg = Debug|Any CPU
		{EF2ED357-812C-40C9-9F7E-F42A9B82948C}.Debug|Any CPU.Build.0 = Debug|Any CPU
		{EF2ED357-812C-40C9-9F7E-F42A9B82948C}.Debug|Any CPU.Deploy.0 = Debug|Any CPU
		{EF2ED357-812C-40C9-9F7E-F42A9B82948C}.Release|Any CPU.ActiveCfg = Release|Any CPU
		{EF2ED357-812C-40C9-9F7E-F42A9B82948C}.Release|Any CPU.Build.0 = Release|Any CPU
		{EF2ED357-812C-40C9-9F7E-F42A9B82948C}.Release|Any CPU.Deploy.0 = Release|Any CPU
	EndGlobalSection
	GlobalSection(SolutionProperties) = preSolution
		HideSolutionNode = FALSE
	EndGlobalSection
	GlobalSection(ExtensibilityGlobals) = postSolution
		SolutionGuid = {E43613B1-0247-48D3-898C-232C33B9BC01}
	EndGlobalSection
EndGlobal
