
Microsoft Visual Studio Solution File, Format Version 12.00
# Visual Studio Version 17
VisualStudioVersion = 17.11.35222.181
MinimumVisualStudioVersion = 10.0.40219.1
Project("{FAE04EC0-301F-11D3-BF4B-00C04F79EFBC}") = "MauiCollectionView", "MauiCollectionView\MauiCollectionView.csproj", "{1897D577-C264-4856-99D0-478C1F01BC69}"
EndProject
Global
	GlobalSection(SolutionConfigurationPlatforms) = preSolution
		Debug|Any CPU = Debug|Any CPU
		Release|Any CPU = Release|Any CPU
	EndGlobalSection
	GlobalSection(ProjectConfigurationPlatforms) = postSolution
		{1897D577-C264-4856-99D0-478C1F01BC69}.Debug|Any CPU.ActiveCfg = Debug|Any CPU
		{1897D577-C264-4856-99D0-478C1F01BC69}.Debug|Any CPU.Build.0 = Debug|Any CPU
		{1897D577-C264-4856-99D0-478C1F01BC69}.Debug|Any CPU.Deploy.0 = Debug|Any CPU
		{1897D577-C264-4856-99D0-478C1F01BC69}.Release|Any CPU.ActiveCfg = Release|Any CPU
		{1897D577-C264-4856-99D0-478C1F01BC69}.Release|Any CPU.Build.0 = Release|Any CPU
		{1897D577-C264-4856-99D0-478C1F01BC69}.Release|Any CPU.Deploy.0 = Release|Any CPU
	EndGlobalSection
	GlobalSection(SolutionProperties) = preSolution
		HideSolutionNode = FALSE
	EndGlobalSection
	GlobalSection(ExtensibilityGlobals) = postSolution
		SolutionGuid = {94DBA71F-4E55-4B0D-8920-A03E6EB12EF3}
	EndGlobalSection
EndGlobal
