
Microsoft Visual Studio Solution File, Format Version 12.00
# Visual Studio Version 17
VisualStudioVersion = 17.11.35222.181
MinimumVisualStudioVersion = 10.0.40219.1
Project("{9A19103F-16F7-4668-BE54-9A1E7A4F7556}") = "MauiHybridMeroOra", "MauiHybridMeroOra\MauiHybridMeroOra.csproj", "{A813F384-C2D9-4063-B7D5-68904875E774}"
EndProject
Global
	GlobalSection(SolutionConfigurationPlatforms) = preSolution
		Debug|Any CPU = Debug|Any CPU
		Release|Any CPU = Release|Any CPU
	EndGlobalSection
	GlobalSection(ProjectConfigurationPlatforms) = postSolution
		{A813F384-C2D9-4063-B7D5-68904875E774}.Debug|Any CPU.ActiveCfg = Debug|Any CPU
		{A813F384-C2D9-4063-B7D5-68904875E774}.Debug|Any CPU.Build.0 = Debug|Any CPU
		{A813F384-C2D9-4063-B7D5-68904875E774}.Debug|Any CPU.Deploy.0 = Debug|Any CPU
		{A813F384-C2D9-4063-B7D5-68904875E774}.Release|Any CPU.ActiveCfg = Release|Any CPU
		{A813F384-C2D9-4063-B7D5-68904875E774}.Release|Any CPU.Build.0 = Release|Any CPU
		{A813F384-C2D9-4063-B7D5-68904875E774}.Release|Any CPU.Deploy.0 = Release|Any CPU
	EndGlobalSection
	GlobalSection(SolutionProperties) = preSolution
		HideSolutionNode = FALSE
	EndGlobalSection
	GlobalSection(ExtensibilityGlobals) = postSolution
		SolutionGuid = {CC831C75-20A7-49A8-95F2-D7611151F55F}
	EndGlobalSection
EndGlobal
