
Microsoft Visual Studio Solution File, Format Version 12.00
# Visual Studio Version 17
VisualStudioVersion = 17.11.35222.181
MinimumVisualStudioVersion = 10.0.40219.1
Project("{FAE04EC0-301F-11D3-BF4B-00C04F79EFBC}") = "FajlTitkosito", "FajlTitkosito\FajlTitkosito.csproj", "{B7DA1047-DC06-4A1A-BA70-DA49F7FD8BEF}"
EndProject
Global
	GlobalSection(SolutionConfigurationPlatforms) = preSolution
		Debug|Any CPU = Debug|Any CPU
		Release|Any CPU = Release|Any CPU
	EndGlobalSection
	GlobalSection(ProjectConfigurationPlatforms) = postSolution
		{B7DA1047-DC06-4A1A-BA70-DA49F7FD8BEF}.Debug|Any CPU.ActiveCfg = Debug|Any CPU
		{B7DA1047-DC06-4A1A-BA70-DA49F7FD8BEF}.Debug|Any CPU.Build.0 = Debug|Any CPU
		{B7DA1047-DC06-4A1A-BA70-DA49F7FD8BEF}.Release|Any CPU.ActiveCfg = Release|Any CPU
		{B7DA1047-DC06-4A1A-BA70-DA49F7FD8BEF}.Release|Any CPU.Build.0 = Release|Any CPU
	EndGlobalSection
	GlobalSection(SolutionProperties) = preSolution
		HideSolutionNode = FALSE
	EndGlobalSection
	GlobalSection(ExtensibilityGlobals) = postSolution
		SolutionGuid = {422B6D52-DD99-4A01-912F-778253B3C012}
	EndGlobalSection
EndGlobal
