
Microsoft Visual Studio Solution File, Format Version 12.00
# Visual Studio Version 17
VisualStudioVersion = 17.9.34607.119
MinimumVisualStudioVersion = 10.0.40219.1
Project("{FAE04EC0-301F-11D3-BF4B-00C04F79EFBC}") = "WpfJegyzettomb", "WpfJegyzettomb\WpfJegyzettomb.csproj", "{4824640D-E4EB-4BCE-9A0A-623AD62C8B93}"
EndProject
Global
	GlobalSection(SolutionConfigurationPlatforms) = preSolution
		Debug|Any CPU = Debug|Any CPU
		Release|Any CPU = Release|Any CPU
	EndGlobalSection
	GlobalSection(ProjectConfigurationPlatforms) = postSolution
		{4824640D-E4EB-4BCE-9A0A-623AD62C8B93}.Debug|Any CPU.ActiveCfg = Debug|Any CPU
		{4824640D-E4EB-4BCE-9A0A-623AD62C8B93}.Debug|Any CPU.Build.0 = Debug|Any CPU
		{4824640D-E4EB-4BCE-9A0A-623AD62C8B93}.Release|Any CPU.ActiveCfg = Release|Any CPU
		{4824640D-E4EB-4BCE-9A0A-623AD62C8B93}.Release|Any CPU.Build.0 = Release|Any CPU
	EndGlobalSection
	GlobalSection(SolutionProperties) = preSolution
		HideSolutionNode = FALSE
	EndGlobalSection
	GlobalSection(ExtensibilityGlobals) = postSolution
		SolutionGuid = {5D2142ED-C76D-4A5A-AD93-8AFD8D1B6758}
	EndGlobalSection
EndGlobal
