
Microsoft Visual Studio Solution File, Format Version 12.00
# Visual Studio Version 17
VisualStudioVersion = 17.11.35222.181
MinimumVisualStudioVersion = 10.0.40219.1
Project("{FAE04EC0-301F-11D3-BF4B-00C04F79EFBC}") = "MauiStart", "MauiStart\MauiStart.csproj", "{26FDC566-57E1-4F89-8F20-07618EB71B2D}"
EndProject
Global
	GlobalSection(SolutionConfigurationPlatforms) = preSolution
		Debug|Any CPU = Debug|Any CPU
		Release|Any CPU = Release|Any CPU
	EndGlobalSection
	GlobalSection(ProjectConfigurationPlatforms) = postSolution
		{26FDC566-57E1-4F89-8F20-07618EB71B2D}.Debug|Any CPU.ActiveCfg = Debug|Any CPU
		{26FDC566-57E1-4F89-8F20-07618EB71B2D}.Debug|Any CPU.Build.0 = Debug|Any CPU
		{26FDC566-57E1-4F89-8F20-07618EB71B2D}.Debug|Any CPU.Deploy.0 = Debug|Any CPU
		{26FDC566-57E1-4F89-8F20-07618EB71B2D}.Release|Any CPU.ActiveCfg = Release|Any CPU
		{26FDC566-57E1-4F89-8F20-07618EB71B2D}.Release|Any CPU.Build.0 = Release|Any CPU
		{26FDC566-57E1-4F89-8F20-07618EB71B2D}.Release|Any CPU.Deploy.0 = Release|Any CPU
	EndGlobalSection
	GlobalSection(SolutionProperties) = preSolution
		HideSolutionNode = FALSE
	EndGlobalSection
	GlobalSection(ExtensibilityGlobals) = postSolution
		SolutionGuid = {3A7F9D93-A40F-4D0A-A391-FA3D428096A1}
	EndGlobalSection
EndGlobal
