
Microsoft Visual Studio Solution File, Format Version 12.00
# Visual Studio Version 17
VisualStudioVersion = 17.7.34024.191
MinimumVisualStudioVersion = 10.0.40219.1
Project("{FAE04EC0-301F-11D3-BF4B-00C04F79EFBC}") = "Osztalyok", "Osztalyok\Osztalyok.csproj", "{145E0C0B-038B-409D-A2CA-1F3EE84B3BA3}"
EndProject
Global
	GlobalSection(SolutionConfigurationPlatforms) = preSolution
		Debug|Any CPU = Debug|Any CPU
		Release|Any CPU = Release|Any CPU
	EndGlobalSection
	GlobalSection(ProjectConfigurationPlatforms) = postSolution
		{145E0C0B-038B-409D-A2CA-1F3EE84B3BA3}.Debug|Any CPU.ActiveCfg = Debug|Any CPU
		{145E0C0B-038B-409D-A2CA-1F3EE84B3BA3}.Debug|Any CPU.Build.0 = Debug|Any CPU
		{145E0C0B-038B-409D-A2CA-1F3EE84B3BA3}.Release|Any CPU.ActiveCfg = Release|Any CPU
		{145E0C0B-038B-409D-A2CA-1F3EE84B3BA3}.Release|Any CPU.Build.0 = Release|Any CPU
	EndGlobalSection
	GlobalSection(SolutionProperties) = preSolution
		HideSolutionNode = FALSE
	EndGlobalSection
	GlobalSection(ExtensibilityGlobals) = postSolution
		SolutionGuid = {15B0B45E-4423-4BF3-9F96-C0B4520F7B74}
	EndGlobalSection
EndGlobal
